
Microsoft Visual Studio Solution File, Format Version 12.00
# Visual Studio Version 17
VisualStudioVersion = 17.0.32126.317
MinimumVisualStudioVersion = 10.0.40219.1
Project("{FAE04EC0-301F-11D3-BF4B-00C04F79EFBC}") = "Northwind.Entities", "NorthwindEntities\Northwind.Entities.csproj", "{97603235-9906-4D89-B48A-A951F34EC5E9}"
EndProject
Project("{FAE04EC0-301F-11D3-BF4B-00C04F79EFBC}") = "Northwind.DataAccess", "NorthwindDataAccess\Northwind.DataAccess.csproj", "{5884122E-3F69-44B9-B794-61107E6171CC}"
EndProject
Project("{FAE04EC0-301F-11D3-BF4B-00C04F79EFBC}") = "Northwind.Business", "NorthwindBusiness\Northwind.Business.csproj", "{524F016D-5817-443C-9A52-3482B1B690DD}"
EndProject
Project("{FAE04EC0-301F-11D3-BF4B-00C04F79EFBC}") = "Northwind.WebFormsUI", "Northwind.WebFormsUI\Northwind.WebFormsUI.csproj", "{2CB3F251-5FF3-4C4B-9333-0EEF4D263D1F}"
EndProject
Global
	GlobalSection(SolutionConfigurationPlatforms) = preSolution
		Debug|Any CPU = Debug|Any CPU
		Release|Any CPU = Release|Any CPU
	EndGlobalSection
	GlobalSection(ProjectConfigurationPlatforms) = postSolution
		{97603235-9906-4D89-B48A-A951F34EC5E9}.Debug|Any CPU.ActiveCfg = Debug|Any CPU
		{97603235-9906-4D89-B48A-A951F34EC5E9}.Debug|Any CPU.Build.0 = Debug|Any CPU
		{97603235-9906-4D89-B48A-A951F34EC5E9}.Release|Any CPU.ActiveCfg = Release|Any CPU
		{97603235-9906-4D89-B48A-A951F34EC5E9}.Release|Any CPU.Build.0 = Release|Any CPU
		{5884122E-3F69-44B9-B794-61107E6171CC}.Debug|Any CPU.ActiveCfg = Debug|Any CPU
		{5884122E-3F69-44B9-B794-61107E6171CC}.Debug|Any CPU.Build.0 = Debug|Any CPU
		{5884122E-3F69-44B9-B794-61107E6171CC}.Release|Any CPU.ActiveCfg = Release|Any CPU
		{5884122E-3F69-44B9-B794-61107E6171CC}.Release|Any CPU.Build.0 = Release|Any CPU
		{524F016D-5817-443C-9A52-3482B1B690DD}.Debug|Any CPU.ActiveCfg = Debug|Any CPU
		{524F016D-5817-443C-9A52-3482B1B690DD}.Debug|Any CPU.Build.0 = Debug|Any CPU
		{524F016D-5817-443C-9A52-3482B1B690DD}.Release|Any CPU.ActiveCfg = Release|Any CPU
		{524F016D-5817-443C-9A52-3482B1B690DD}.Release|Any CPU.Build.0 = Release|Any CPU
		{2CB3F251-5FF3-4C4B-9333-0EEF4D263D1F}.Debug|Any CPU.ActiveCfg = Debug|Any CPU
		{2CB3F251-5FF3-4C4B-9333-0EEF4D263D1F}.Debug|Any CPU.Build.0 = Debug|Any CPU
		{2CB3F251-5FF3-4C4B-9333-0EEF4D263D1F}.Release|Any CPU.ActiveCfg = Release|Any CPU
		{2CB3F251-5FF3-4C4B-9333-0EEF4D263D1F}.Release|Any CPU.Build.0 = Release|Any CPU
	EndGlobalSection
	GlobalSection(SolutionProperties) = preSolution
		HideSolutionNode = FALSE
	EndGlobalSection
	GlobalSection(ExtensibilityGlobals) = postSolution
		SolutionGuid = {77F8B642-CE9E-4AAB-93D2-EEC3B385706E}
	EndGlobalSection
EndGlobal
